PODS:
  - ARVideoKit (1.51)
  - SnapKit (5.0.1)

DEPENDENCIES:
  - ARVideoKit
  - SnapKit

SPEC REPOS:
  trunk:
    - ARVideoKit
    - SnapKit

SPEC CHECKSUMS:
  ARVideoKit: d575d98274aab060748514aa32ac964c24c1923f
  SnapKit: 97b92857e3df3a0c71833cce143274bf6ef8e5eb

PODFILE CHECKSUM: df520c929952ad9a95a166920d45408b69425a1a

COCOAPODS: 1.11.3
